
Microsoft Visual Studio Solution File, Format Version 12.00
# Visual Studio Version 16
VisualStudioVersion = 16.0.34407.143
MinimumVisualStudioVersion = 10.0.40219.1
Project("{FAE04EC0-301F-11D3-BF4B-00C04F79EFBC}") = "EquipmentRepairRequests", "EquipmentRepairRequests.csproj", "{C6CFF549-180B-49AC-AD3E-51BAD507C1FE}"
EndProject
Project("{FAE04EC0-301F-11D3-BF4B-00C04F79EFBC}") = "UnitTestProject", "..\UnitTestProject\UnitTestProject.csproj", "{245FC70E-0233-4A5A-8109-75433FADC32B}"
EndProject
Global
	GlobalSection(SolutionConfigurationPlatforms) = preSolution
		Debug|Any CPU = Debug|Any CPU
		Release|Any CPU = Release|Any CPU
	EndGlobalSection
	GlobalSection(ProjectConfigurationPlatforms) = postSolution
		{C6CFF549-180B-49AC-AD3E-51BAD507C1FE}.Debug|Any CPU.ActiveCfg = Debug|Any CPU
		{C6CFF549-180B-49AC-AD3E-51BAD507C1FE}.Debug|Any CPU.Build.0 = Debug|Any CPU
		{C6CFF549-180B-49AC-AD3E-51BAD507C1FE}.Release|Any CPU.ActiveCfg = Release|Any CPU
		{C6CFF549-180B-49AC-AD3E-51BAD507C1FE}.Release|Any CPU.Build.0 = Release|Any CPU
		{245FC70E-0233-4A5A-8109-75433FADC32B}.Debug|Any CPU.ActiveCfg = Debug|Any CPU
		{245FC70E-0233-4A5A-8109-75433FADC32B}.Debug|Any CPU.Build.0 = Debug|Any CPU
		{245FC70E-0233-4A5A-8109-75433FADC32B}.Release|Any CPU.ActiveCfg = Release|Any CPU
		{245FC70E-0233-4A5A-8109-75433FADC32B}.Release|Any CPU.Build.0 = Release|Any CPU
	EndGlobalSection
	GlobalSection(SolutionProperties) = preSolution
		HideSolutionNode = FALSE
	EndGlobalSection
	GlobalSection(ExtensibilityGlobals) = postSolution
		SolutionGuid = {A4A61B65-CB02-4991-9C3C-6B03760FBB34}
	EndGlobalSection
EndGlobal
